{
  "name": "uni_weixin_app",
  "lockfileVersion": 3,
  "requires": true,
  "packages": {
    "": {
      "dependencies": {
        "@miniprogram-component-plus/tabs": "^1.0.0",
        "tdesign-miniprogram": "^1.2.7"
      }
    },
    "node_modules/@miniprogram-component-plus/tabs": {
      "version": "1.0.0",
      "resolved": "https://registry.npmmirror.com/@miniprogram-component-plus/tabs/-/tabs-1.0.0.tgz",
      "integrity": "sha512-oV9dFpIoYAz0IbDECS9toS1GHivWoAd1cchxeZKCBV3PoPCEipHOeXQS3K2USr7EY8LDyfg3f0tDAacPfagYjg=="
    },
    "node_modules/dayjs": {
      "version": "1.11.10",
      "resolved": "https://registry.npmmirror.com/dayjs/-/dayjs-1.11.10.tgz",
      "integrity": "sha512-vjAczensTgRcqDERK0SR2XMwsF/tSvnvlv6VcF2GIhg6Sx4yOIt/irsr1RDJsKiIyBzJDpCoXiWWq28MqH2cnQ=="
    },
    "node_modules/tdesign-miniprogram": {
      "version": "1.2.7",
      "resolved": "https://registry.npmmirror.com/tdesign-miniprogram/-/tdesign-miniprogram-1.2.7.tgz",
      "integrity": "sha512-pcx6CQtJFca6t3JK/e6MTkFNS1fyrLP4z9T2AYVkKnk9M4cY/GUNRXSxzbeWCx3zovb2BbOC6YoT8YWlbnRE8Q==",
      "dependencies": {
        "dayjs": "^1.10.7"
      }
    }
  }
}
